// !$*UTF8*$!
{
	archiveVersion = 1;
	classes = {
	};
	objectVersion = 46;
	objects = {

/* Begin PBXBuildFile section */
		A62F6C9E1A21C1F400D4B91A /* OnePartOpenCloseParser.swift in Sources */ = {isa = PBXBuildFile; fileRef = A62F6C9D1A21C1F400D4B91A /* OnePartOpenCloseParser.swift */; };
		A6E23C9B1A154E350057DB7B /* main.swift in Sources */ = {isa = PBXBuildFile; fileRef = A6E23C9A1A154E350057DB7B /* main.swift */; };
		A6E2B0701A15EB7C0025C2E9 /* Eval.swift in Sources */ = {isa = PBXBuildFile; fileRef = A6E2B06F1A15EB7C0025C2E9 /* Eval.swift */; };
		A6E2B0731A162D200025C2E9 /* codeScreen.swift in Sources */ = {isa = PBXBuildFile; fileRef = A6E2B0721A162D200025C2E9 /* codeScreen.swift */; };
		A6E2B0751A162D530025C2E9 /* Arendelle.swift in Sources */ = {isa = PBXBuildFile; fileRef = A6E2B0741A162D530025C2E9 /* Arendelle.swift */; };
		A6E7EA311A19D07600192409 /* P.swift in Sources */ = {isa = PBXBuildFile; fileRef = A6E7EA301A19D07600192409 /* P.swift */; };
		A6E7EA341A1A317100192409 /* OpenCloseLexer.swift in Sources */ = {isa = PBXBuildFile; fileRef = A6E7EA331A1A317100192409 /* OpenCloseLexer.swift */; };
		A6ECE7631A2450C200B09103 /* masterEval.swift in Sources */ = {isa = PBXBuildFile; fileRef = A6ECE7621A2450C200B09103 /* masterEval.swift */; };
/* End PBXBuildFile section */

/* Begin PBXCopyFilesBuildPhase section */
		A6E23C951A154E350057DB7B /* CopyFiles */ = {
			isa = PBXCopyFilesBuildPhase;
			buildActionMask = 2147483647;
			dstPath = /usr/share/man/man1/;
			dstSubfolderSpec = 0;
			files = (
			);
			runOnlyForDeploymentPostprocessing = 1;
		};
/* End PBXCopyFilesBuildPhase section */

/* Begin PBXFileReference section */
		A62F6C9D1A21C1F400D4B91A /* OnePartOpenCloseParser.swift */ = {isa = PBXFileReference; fileEncoding = 4; lastKnownFileType = sourcecode.swift; path = OnePartOpenCloseParser.swift; sourceTree = "<group>"; };
		A6E23C971A154E350057DB7B /* Swifty */ = {isa = PBXFileReference; explicitFileType = "compiled.mach-o.executable"; includeInIndex = 0; path = Swifty; sourceTree = BUILT_PRODUCTS_DIR; };
		A6E23C9A1A154E350057DB7B /* main.swift */ = {isa = PBXFileReference; lastKnownFileType = sourcecode.swift; path = main.swift; sourceTree = "<group>"; };
		A6E2B06F1A15EB7C0025C2E9 /* Eval.swift */ = {isa = PBXFileReference; fileEncoding = 4; lastKnownFileType = sourcecode.swift; path = Eval.swift; sourceTree = "<group>"; };
		A6E2B0721A162D200025C2E9 /* codeScreen.swift */ = {isa = PBXFileReference; fileEncoding = 4; lastKnownFileType = sourcecode.swift; path = codeScreen.swift; sourceTree = "<group>"; };
		A6E2B0741A162D530025C2E9 /* Arendelle.swift */ = {isa = PBXFileReference; fileEncoding = 4; lastKnownFileType = sourcecode.swift; path = Arendelle.swift; sourceTree = "<group>"; };
		A6E7EA301A19D07600192409 /* P.swift */ = {isa = PBXFileReference; fileEncoding = 4; lastKnownFileType = sourcecode.swift; path = P.swift; sourceTree = "<group>"; };
		A6E7EA331A1A317100192409 /* OpenCloseLexer.swift */ = {isa = PBXFileReference; fileEncoding = 4; lastKnownFileType = sourcecode.swift; path = OpenCloseLexer.swift; sourceTree = "<group>"; };
		A6ECE7621A2450C200B09103 /* masterEval.swift */ = {isa = PBXFileReference; fileEncoding = 4; lastKnownFileType = sourcecode.swift; path = masterEval.swift; sourceTree = "<group>"; };
/* End PBXFileReference section */

/* Begin PBXFrameworksBuildPhase section */
		A6E23C941A154E350057DB7B /* Frameworks */ = {
			isa = PBXFrameworksBuildPhase;
			buildActionMask = 2147483647;
			files = (
			);
			runOnlyForDeploymentPostprocessing = 0;
		};
/* End PBXFrameworksBuildPhase section */

/* Begin PBXGroup section */
		A6E23C8E1A154E350057DB7B = {
			isa = PBXGroup;
			children = (
				A6E7EA301A19D07600192409 /* P.swift */,
				A6E23C991A154E350057DB7B /* Swifty */,
				A6E23C981A154E350057DB7B /* Products */,
			);
			sourceTree = "<group>";
		};
		A6E23C981A154E350057DB7B /* Products */ = {
			isa = PBXGroup;
			children = (
				A6E23C971A154E350057DB7B /* Swifty */,
			);
			name = Products;
			sourceTree = "<group>";
		};
		A6E23C991A154E350057DB7B /* Swifty */ = {
			isa = PBXGroup;
			children = (
				A6E2B06D1A15EB390025C2E9 /* Engine */,
				A6E23C9A1A154E350057DB7B /* main.swift */,
			);
			path = Swifty;
			sourceTree = "<group>";
		};
		A6E2B06D1A15EB390025C2E9 /* Engine */ = {
			isa = PBXGroup;
			children = (
				A6E7EA321A1A2E3400192409 /* Lexers */,
				A6E2B06E1A15EB450025C2E9 /* Kernel */,
				A6E2B06F1A15EB7C0025C2E9 /* Eval.swift */,
				A6ECE7621A2450C200B09103 /* masterEval.swift */,
			);
			name = Engine;
			sourceTree = "<group>";
		};
		A6E2B06E1A15EB450025C2E9 /* Kernel */ = {
			isa = PBXGroup;
			children = (
				A6E2B0711A162D090025C2E9 /* Structs */,
			);
			name = Kernel;
			sourceTree = "<group>";
		};
		A6E2B0711A162D090025C2E9 /* Structs */ = {
			isa = PBXGroup;
			children = (
				A6E2B0721A162D200025C2E9 /* codeScreen.swift */,
				A6E2B0741A162D530025C2E9 /* Arendelle.swift */,
			);
			name = Structs;
			sourceTree = "<group>";
		};
		A6E7EA321A1A2E3400192409 /* Lexers */ = {
			isa = PBXGroup;
			children = (
				A6E7EA331A1A317100192409 /* OpenCloseLexer.swift */,
				A62F6C9D1A21C1F400D4B91A /* OnePartOpenCloseParser.swift */,
			);
			name = Lexers;
			sourceTree = "<group>";
		};
/* End PBXGroup section */

/* Begin PBXNativeTarget section */
		A6E23C961A154E350057DB7B /* Swifty */ = {
			isa = PBXNativeTarget;
			buildConfigurationList = A6E23C9E1A154E350057DB7B /* Build configuration list for PBXNativeTarget "Swifty" */;
			buildPhases = (
				A6E23C931A154E350057DB7B /* Sources */,
				A6E23C941A154E350057DB7B /* Frameworks */,
				A6E23C951A154E350057DB7B /* CopyFiles */,
			);
			buildRules = (
			);
			dependencies = (
			);
			name = Swifty;
			productName = Swifty;
			productReference = A6E23C971A154E350057DB7B /* Swifty */;
			productType = "com.apple.product-type.tool";
		};
/* End PBXNativeTarget section */

/* Begin PBXProject section */
		A6E23C8F1A154E350057DB7B /* Project object */ = {
			isa = PBXProject;
			attributes = {
				LastUpgradeCheck = 0610;
				ORGANIZATIONNAME = "Arendelle Language";
				TargetAttributes = {
					A6E23C961A154E350057DB7B = {
						CreatedOnToolsVersion = 6.1;
					};
				};
			};
			buildConfigurationList = A6E23C921A154E350057DB7B /* Build configuration list for PBXProject "Swifty" */;
			compatibilityVersion = "Xcode 3.2";
			developmentRegion = English;
			hasScannedForEncodings = 0;
			knownRegions = (
				en,
			);
			mainGroup = A6E23C8E1A154E350057DB7B;
			productRefGroup = A6E23C981A154E350057DB7B /* Products */;
			projectDirPath = "";
			projectRoot = "";
			targets = (
				A6E23C961A154E350057DB7B /* Swifty */,
			);
		};
/* End PBXProject section */

/* Begin PBXSourcesBuildPhase section */
		A6E23C931A154E350057DB7B /* Sources */ = {
			isa = PBXSourcesBuildPhase;
			buildActionMask = 2147483647;
			files = (
				A6E23C9B1A154E350057DB7B /* main.swift in Sources */,
				A62F6C9E1A21C1F400D4B91A /* OnePartOpenCloseParser.swift in Sources */,
				A6E7EA311A19D07600192409 /* P.swift in Sources */,
				A6E2B0751A162D530025C2E9 /* Arendelle.swift in Sources */,
				A6E2B0731A162D200025C2E9 /* codeScreen.swift in Sources */,
				A6E2B0701A15EB7C0025C2E9 /* Eval.swift in Sources */,
				A6E7EA341A1A317100192409 /* OpenCloseLexer.swift in Sources */,
				A6ECE7631A2450C200B09103 /* masterEval.swift in Sources */,
			);
			runOnlyForDeploymentPostprocessing = 0;
		};
/* End PBXSourcesBuildPhase section */

/* Begin XCBuildConfiguration section */
		A6E23C9C1A154E350057DB7B /* Debug */ = {
			isa = XCBuildConfiguration;
			buildSettings = {
				ALWAYS_SEARCH_USER_PATHS = NO;
				CLANG_CXX_LANGUAGE_STANDARD = "gnu++0x";
				CLANG_CXX_LIBRARY = "libc++";
				CLANG_ENABLE_MODULES = YES;
				CLANG_ENABLE_OBJC_ARC = YES;
				CLANG_WARN_BOOL_CONVERSION = YES;
				CLANG_WARN_CONSTANT_CONVERSION = YES;
				CLANG_WARN_DIRECT_OBJC_ISA_USAGE = YES_ERROR;
				CLANG_WARN_EMPTY_BODY = YES;
				CLANG_WARN_ENUM_CONVERSION = YES;
				CLANG_WARN_INT_CONVERSION = YES;
				CLANG_WARN_OBJC_ROOT_CLASS = YES_ERROR;
				CLANG_WARN_UNREACHABLE_CODE = YES;
				CLANG_WARN__DUPLICATE_METHOD_MATCH = YES;
				COPY_PHASE_STRIP = NO;
				ENABLE_STRICT_OBJC_MSGSEND = YES;
				GCC_C_LANGUAGE_STANDARD = gnu99;
				GCC_DYNAMIC_NO_PIC = NO;
				GCC_OPTIMIZATION_LEVEL = 0;
				GCC_PREPROCESSOR_DEFINITIONS = (
					"DEBUG=1",
					"$(inherited)",
				);
				GCC_SYMBOLS_PRIVATE_EXTERN = NO;
				GCC_WARN_64_TO_32_BIT_CONVERSION = YES;
				GCC_WARN_ABOUT_RETURN_TYPE = YES_ERROR;
				GCC_WARN_UNDECLARED_SELECTOR = YES;
				GCC_WARN_UNINITIALIZED_AUTOS = YES_AGGRESSIVE;
				GCC_WARN_UNUSED_FUNCTION = YES;
				GCC_WARN_UNUSED_VARIABLE = YES;
				MACOSX_DEPLOYMENT_TARGET = 10.10;
				MTL_ENABLE_DEBUG_INFO = YES;
				ONLY_ACTIVE_ARCH = YES;
				SDKROOT = macosx;
				SWIFT_OPTIMIZATION_LEVEL = "-Onone";
			};
			name = Debug;
		};
		A6E23C9D1A154E350057DB7B /* Release */ = {
			isa = XCBuildConfiguration;
			buildSettings = {
				ALWAYS_SEARCH_USER_PATHS = NO;
				CLANG_CXX_LANGUAGE_STANDARD = "gnu++0x";
				CLANG_CXX_LIBRARY = "libc++";
				CLANG_ENABLE_MODULES = YES;
				CLANG_ENABLE_OBJC_ARC = YES;
				CLANG_WARN_BOOL_CONVERSION = YES;
				CLANG_WARN_CONSTANT_CONVERSION = YES;
				CLANG_WARN_DIRECT_OBJC_ISA_USAGE = YES_ERROR;
				CLANG_WARN_EMPTY_BODY = YES;
				CLANG_WARN_ENUM_CONVERSION = YES;
				CLANG_WARN_INT_CONVERSION = YES;
				CLANG_WARN_OBJC_ROOT_CLASS = YES_ERROR;
				CLANG_WARN_UNREACHABLE_CODE = YES;
				CLANG_WARN__DUPLICATE_METHOD_MATCH = YES;
				COPY_PHASE_STRIP = YES;
				DEBUG_INFORMATION_FORMAT = "dwarf-with-dsym";
				ENABLE_NS_ASSERTIONS = NO;
				ENABLE_STRICT_OBJC_MSGSEND = YES;
				GCC_C_LANGUAGE_STANDARD = gnu99;
				GCC_WARN_64_TO_32_BIT_CONVERSION = YES;
				GCC_WARN_ABOUT_RETURN_TYPE = YES_ERROR;
				GCC_WARN_UNDECLARED_SELECTOR = YES;
				GCC_WARN_UNINITIALIZED_AUTOS = YES_AGGRESSIVE;
				GCC_WARN_UNUSED_FUNCTION = YES;
				GCC_WARN_UNUSED_VARIABLE = YES;
				MACOSX_DEPLOYMENT_TARGET = 10.10;
				MTL_ENABLE_DEBUG_INFO = NO;
				SDKROOT = macosx;
			};
			name = Release;
		};
		A6E23C9F1A154E350057DB7B /* Debug */ = {
			isa = XCBuildConfiguration;
			buildSettings = {
				PRODUCT_NAME = "$(TARGET_NAME)";
			};
			name = Debug;
		};
		A6E23CA01A154E350057DB7B /* Release */ = {
			isa = XCBuildConfiguration;
			buildSettings = {
				PRODUCT_NAME = "$(TARGET_NAME)";
			};
			name = Release;
		};
/* End XCBuildConfiguration section */

/* Begin XCConfigurationList section */
		A6E23C921A154E350057DB7B /* Build configuration list for PBXProject "Swifty" */ = {
			isa = XCConfigurationList;
			buildConfigurations = (
				A6E23C9C1A154E350057DB7B /* Debug */,
				A6E23C9D1A154E350057DB7B /* Release */,
			);
			defaultConfigurationIsVisible = 0;
			defaultConfigurationName = Release;
		};
		A6E23C9E1A154E350057DB7B /* Build configuration list for PBXNativeTarget "Swifty" */ = {
			isa = XCConfigurationList;
			buildConfigurations = (
				A6E23C9F1A154E350057DB7B /* Debug */,
				A6E23CA01A154E350057DB7B /* Release */,
			);
			defaultConfigurationIsVisible = 0;
			defaultConfigurationName = Release;
		};
/* End XCConfigurationList section */
	};
	rootObject = A6E23C8F1A154E350057DB7B /* Project object */;
}
