// !$*UTF8*$!
{
	archiveVersion = 1;
	classes = {
	};
	objectVersion = 46;
	objects = {

/* Begin PBXBuildFile section */
		A60A75091A29B85C00576F13 /* ConditonEvaluator.swift in Sources */ = {isa = PBXBuildFile; fileRef = A60A75081A29B85C00576F13 /* ConditonEvaluator.swift */; };
		A62792B71A3E4F9E0086C664 /* SpaceEvaluator.swift in Sources */ = {isa = PBXBuildFile; fileRef = A62792B61A3E4F9E0086C664 /* SpaceEvaluator.swift */; };
		A62F6C9E1A21C1F400D4B91A /* OnePartOpenCloseParser.swift in Sources */ = {isa = PBXBuildFile; fileRef = A62F6C9D1A21C1F400D4B91A /* OnePartOpenCloseParser.swift */; };
		A6897EC81A263D850074966A /* console.m in Sources */ = {isa = PBXBuildFile; fileRef = A6897EC71A263D850074966A /* console.m */; };
		A696E0B51A506B1D00E213D2 /* PiTryCatch.m in Sources */ = {isa = PBXBuildFile; fileRef = A696E0B41A506B1D00E213D2 /* PiTryCatch.m */; };
		A696E0B71A508D8700E213D2 /* FunctionLexer.swift in Sources */ = {isa = PBXBuildFile; fileRef = A696E0B61A508D8700E213D2 /* FunctionLexer.swift */; };
		A6A506DC1A285D3500962A9B /* MathEvaluator.swift in Sources */ = {isa = PBXBuildFile; fileRef = A6A506DB1A285D3500962A9B /* MathEvaluator.swift */; };
		A6C4AAB21A4D8C4E00516A8A /* ArendelleFileSystem.swift in Sources */ = {isa = PBXBuildFile; fileRef = A6C4AAB11A4D8C4E00516A8A /* ArendelleFileSystem.swift */; };
		A6D303F11A2B16560045D9A9 /* Replacer.swift in Sources */ = {isa = PBXBuildFile; fileRef = A6D303F01A2B16560045D9A9 /* Replacer.swift */; };
		A6DC03311A275948008DD558 /* LoopEvaluator.swift in Sources */ = {isa = PBXBuildFile; fileRef = A6DC03301A275948008DD558 /* LoopEvaluator.swift */; };
		A6E23A461A3ECC35001581D5 /* CoreInterface.swift in Sources */ = {isa = PBXBuildFile; fileRef = A6E23A451A3ECC35001581D5 /* CoreInterface.swift */; };
		A6E23C9B1A154E350057DB7B /* main.swift in Sources */ = {isa = PBXBuildFile; fileRef = A6E23C9A1A154E350057DB7B /* main.swift */; };
		A6E2B0701A15EB7C0025C2E9 /* Eval.swift in Sources */ = {isa = PBXBuildFile; fileRef = A6E2B06F1A15EB7C0025C2E9 /* Eval.swift */; };
		A6E2B0731A162D200025C2E9 /* codeScreen.swift in Sources */ = {isa = PBXBuildFile; fileRef = A6E2B0721A162D200025C2E9 /* codeScreen.swift */; };
		A6E2B0751A162D530025C2E9 /* Arendelle.swift in Sources */ = {isa = PBXBuildFile; fileRef = A6E2B0741A162D530025C2E9 /* Arendelle.swift */; };
		A6E59D651A289DC90088729A /* RND.swift in Sources */ = {isa = PBXBuildFile; fileRef = A6E59D641A289DC90088729A /* RND.swift */; };
		A6E7EA311A19D07600192409 /* PI.swift in Sources */ = {isa = PBXBuildFile; fileRef = A6E7EA301A19D07600192409 /* PI.swift */; };
		A6E7EA341A1A317100192409 /* OpenCloseLexer.swift in Sources */ = {isa = PBXBuildFile; fileRef = A6E7EA331A1A317100192409 /* OpenCloseLexer.swift */; };
		A6ECE7631A2450C200B09103 /* masterEval.swift in Sources */ = {isa = PBXBuildFile; fileRef = A6ECE7621A2450C200B09103 /* masterEval.swift */; };
		A6FB5EF21A27AA8700FE7161 /* _DDDecimalFunctions.m in Sources */ = {isa = PBXBuildFile; fileRef = A6FB5EAF1A27AA8700FE7161 /* _DDDecimalFunctions.m */; };
		A6FB5EF31A27AA8700FE7161 /* _DDFunctionEvaluator.m in Sources */ = {isa = PBXBuildFile; fileRef = A6FB5EB11A27AA8700FE7161 /* _DDFunctionEvaluator.m */; };
		A6FB5EF41A27AA8700FE7161 /* _DDFunctionExpression.m in Sources */ = {isa = PBXBuildFile; fileRef = A6FB5EB31A27AA8700FE7161 /* _DDFunctionExpression.m */; };
		A6FB5EF51A27AA8700FE7161 /* _DDFunctionTerm.m in Sources */ = {isa = PBXBuildFile; fileRef = A6FB5EB51A27AA8700FE7161 /* _DDFunctionTerm.m */; };
		A6FB5EF61A27AA8700FE7161 /* _DDGroupTerm.m in Sources */ = {isa = PBXBuildFile; fileRef = A6FB5EB71A27AA8700FE7161 /* _DDGroupTerm.m */; };
		A6FB5EF71A27AA8700FE7161 /* _DDNumberExpression.m in Sources */ = {isa = PBXBuildFile; fileRef = A6FB5EB91A27AA8700FE7161 /* _DDNumberExpression.m */; };
		A6FB5EF81A27AA8700FE7161 /* _DDNumberTerm.m in Sources */ = {isa = PBXBuildFile; fileRef = A6FB5EBB1A27AA8700FE7161 /* _DDNumberTerm.m */; };
		A6FB5EF91A27AA8700FE7161 /* _DDOperatorTerm.m in Sources */ = {isa = PBXBuildFile; fileRef = A6FB5EBD1A27AA8700FE7161 /* _DDOperatorTerm.m */; };
		A6FB5EFA1A27AA8700FE7161 /* _DDParserTerm.m in Sources */ = {isa = PBXBuildFile; fileRef = A6FB5EBF1A27AA8700FE7161 /* _DDParserTerm.m */; };
		A6FB5EFB1A27AA8700FE7161 /* _DDPrecisionFunctionEvaluator.m in Sources */ = {isa = PBXBuildFile; fileRef = A6FB5EC11A27AA8700FE7161 /* _DDPrecisionFunctionEvaluator.m */; };
		A6FB5EFC1A27AA8700FE7161 /* _DDRewriteRule.m in Sources */ = {isa = PBXBuildFile; fileRef = A6FB5EC31A27AA8700FE7161 /* _DDRewriteRule.m */; };
		A6FB5EFD1A27AA8700FE7161 /* _DDVariableExpression.m in Sources */ = {isa = PBXBuildFile; fileRef = A6FB5EC51A27AA8700FE7161 /* _DDVariableExpression.m */; };
		A6FB5EFE1A27AA8700FE7161 /* _DDVariableTerm.m in Sources */ = {isa = PBXBuildFile; fileRef = A6FB5EC71A27AA8700FE7161 /* _DDVariableTerm.m */; };
		A6FB5EFF1A27AA8700FE7161 /* DDExpression.m in Sources */ = {isa = PBXBuildFile; fileRef = A6FB5EC91A27AA8700FE7161 /* DDExpression.m */; };
		A6FB5F001A27AA8700FE7161 /* DDExpressionRewriter.m in Sources */ = {isa = PBXBuildFile; fileRef = A6FB5ECB1A27AA8700FE7161 /* DDExpressionRewriter.m */; };
		A6FB5F011A27AA8700FE7161 /* DDMathEvaluator.m in Sources */ = {isa = PBXBuildFile; fileRef = A6FB5ECE1A27AA8700FE7161 /* DDMathEvaluator.m */; };
		A6FB5F021A27AA8700FE7161 /* DDMathOperator.m in Sources */ = {isa = PBXBuildFile; fileRef = A6FB5ED01A27AA8700FE7161 /* DDMathOperator.m */; };
		A6FB5F031A27AA8700FE7161 /* DDMathStringToken.m in Sources */ = {isa = PBXBuildFile; fileRef = A6FB5ED51A27AA8700FE7161 /* DDMathStringToken.m */; };
		A6FB5F041A27AA8700FE7161 /* DDMathStringTokenizer.m in Sources */ = {isa = PBXBuildFile; fileRef = A6FB5ED71A27AA8700FE7161 /* DDMathStringTokenizer.m */; };
		A6FB5F051A27AA8700FE7161 /* DDParser.m in Sources */ = {isa = PBXBuildFile; fileRef = A6FB5ED91A27AA8700FE7161 /* DDParser.m */; };
		A6FB5F061A27AA8700FE7161 /* DDParserTypes.m in Sources */ = {isa = PBXBuildFile; fileRef = A6FB5EDB1A27AA8700FE7161 /* DDParserTypes.m */; };
		A6FB5F071A27AA8700FE7161 /* DDTypes.m in Sources */ = {isa = PBXBuildFile; fileRef = A6FB5EDD1A27AA8700FE7161 /* DDTypes.m */; };
		A6FB5F081A27AA8700FE7161 /* NSString+DDMathParsing.m in Sources */ = {isa = PBXBuildFile; fileRef = A6FB5EDF1A27AA8700FE7161 /* NSString+DDMathParsing.m */; };
/* End PBXBuildFile section */

/* Begin PBXCopyFilesBuildPhase section */
		A6E23C951A154E350057DB7B /* CopyFiles */ = {
			isa = PBXCopyFilesBuildPhase;
			buildActionMask = 2147483647;
			dstPath = /usr/share/man/man1/;
			dstSubfolderSpec = 0;
			files = (
			);
			runOnlyForDeploymentPostprocessing = 1;
		};
/* End PBXCopyFilesBuildPhase section */

/* Begin PBXFileReference section */
		A60A75081A29B85C00576F13 /* ConditonEvaluator.swift */ = {isa = PBXFileReference; fileEncoding = 4; lastKnownFileType = sourcecode.swift; path = ConditonEvaluator.swift; sourceTree = "<group>"; };
		A62792B61A3E4F9E0086C664 /* SpaceEvaluator.swift */ = {isa = PBXFileReference; fileEncoding = 4; lastKnownFileType = sourcecode.swift; path = SpaceEvaluator.swift; sourceTree = "<group>"; };
		A62F6C9D1A21C1F400D4B91A /* OnePartOpenCloseParser.swift */ = {isa = PBXFileReference; fileEncoding = 4; lastKnownFileType = sourcecode.swift; path = OnePartOpenCloseParser.swift; sourceTree = "<group>"; };
		A6897EC61A263D840074966A /* Swifty-Bridging-Header.h */ = {isa = PBXFileReference; lastKnownFileType = sourcecode.c.h; path = "Swifty-Bridging-Header.h"; sourceTree = "<group>"; };
		A6897EC71A263D850074966A /* console.m */ = {isa = PBXFileReference; fileEncoding = 4; lastKnownFileType = sourcecode.c.objc; path = console.m; sourceTree = "<group>"; };
		A696E0B31A506B1D00E213D2 /* PiTryCatch.h */ = {isa = PBXFileReference; fileEncoding = 4; lastKnownFileType = sourcecode.c.h; path = PiTryCatch.h; sourceTree = "<group>"; };
		A696E0B41A506B1D00E213D2 /* PiTryCatch.m */ = {isa = PBXFileReference; fileEncoding = 4; lastKnownFileType = sourcecode.c.objc; path = PiTryCatch.m; sourceTree = "<group>"; };
		A696E0B61A508D8700E213D2 /* FunctionLexer.swift */ = {isa = PBXFileReference; fileEncoding = 4; lastKnownFileType = sourcecode.swift; path = FunctionLexer.swift; sourceTree = "<group>"; };
		A6A506DB1A285D3500962A9B /* MathEvaluator.swift */ = {isa = PBXFileReference; fileEncoding = 4; lastKnownFileType = sourcecode.swift; path = MathEvaluator.swift; sourceTree = "<group>"; };
		A6C4AAB11A4D8C4E00516A8A /* ArendelleFileSystem.swift */ = {isa = PBXFileReference; fileEncoding = 4; lastKnownFileType = sourcecode.swift; path = ArendelleFileSystem.swift; sourceTree = "<group>"; };
		A6D303F01A2B16560045D9A9 /* Replacer.swift */ = {isa = PBXFileReference; fileEncoding = 4; lastKnownFileType = sourcecode.swift; path = Replacer.swift; sourceTree = "<group>"; };
		A6DC03301A275948008DD558 /* LoopEvaluator.swift */ = {isa = PBXFileReference; fileEncoding = 4; lastKnownFileType = sourcecode.swift; path = LoopEvaluator.swift; sourceTree = "<group>"; };
		A6E23A451A3ECC35001581D5 /* CoreInterface.swift */ = {isa = PBXFileReference; fileEncoding = 4; lastKnownFileType = sourcecode.swift; path = CoreInterface.swift; sourceTree = "<group>"; };
		A6E23C971A154E350057DB7B /* Swifty */ = {isa = PBXFileReference; explicitFileType = "compiled.mach-o.executable"; includeInIndex = 0; path = Swifty; sourceTree = BUILT_PRODUCTS_DIR; };
		A6E23C9A1A154E350057DB7B /* main.swift */ = {isa = PBXFileReference; lastKnownFileType = sourcecode.swift; path = main.swift; sourceTree = "<group>"; };
		A6E2B06F1A15EB7C0025C2E9 /* Eval.swift */ = {isa = PBXFileReference; fileEncoding = 4; lastKnownFileType = sourcecode.swift; path = Eval.swift; sourceTree = "<group>"; };
		A6E2B0721A162D200025C2E9 /* codeScreen.swift */ = {isa = PBXFileReference; fileEncoding = 4; lastKnownFileType = sourcecode.swift; path = codeScreen.swift; sourceTree = "<group>"; };
		A6E2B0741A162D530025C2E9 /* Arendelle.swift */ = {isa = PBXFileReference; fileEncoding = 4; lastKnownFileType = sourcecode.swift; path = Arendelle.swift; sourceTree = "<group>"; };
		A6E59D641A289DC90088729A /* RND.swift */ = {isa = PBXFileReference; fileEncoding = 4; lastKnownFileType = sourcecode.swift; path = RND.swift; sourceTree = "<group>"; };
		A6E7EA301A19D07600192409 /* PI.swift */ = {isa = PBXFileReference; fileEncoding = 4; lastKnownFileType = sourcecode.swift; path = PI.swift; sourceTree = "<group>"; };
		A6E7EA331A1A317100192409 /* OpenCloseLexer.swift */ = {isa = PBXFileReference; fileEncoding = 4; lastKnownFileType = sourcecode.swift; path = OpenCloseLexer.swift; sourceTree = "<group>"; };
		A6ECE7621A2450C200B09103 /* masterEval.swift */ = {isa = PBXFileReference; fileEncoding = 4; lastKnownFileType = sourcecode.swift; path = masterEval.swift; sourceTree = "<group>"; };
		A6FB5EAE1A27AA8700FE7161 /* _DDDecimalFunctions.h */ = {isa = PBXFileReference; fileEncoding = 4; lastKnownFileType = sourcecode.c.h; path = _DDDecimalFunctions.h; sourceTree = "<group>"; };
		A6FB5EAF1A27AA8700FE7161 /* _DDDecimalFunctions.m */ = {isa = PBXFileReference; fileEncoding = 4; lastKnownFileType = sourcecode.c.objc; path = _DDDecimalFunctions.m; sourceTree = "<group>"; };
		A6FB5EB01A27AA8700FE7161 /* _DDFunctionEvaluator.h */ = {isa = PBXFileReference; fileEncoding = 4; lastKnownFileType = sourcecode.c.h; path = _DDFunctionEvaluator.h; sourceTree = "<group>"; };
		A6FB5EB11A27AA8700FE7161 /* _DDFunctionEvaluator.m */ = {isa = PBXFileReference; fileEncoding = 4; lastKnownFileType = sourcecode.c.objc; path = _DDFunctionEvaluator.m; sourceTree = "<group>"; };
		A6FB5EB21A27AA8700FE7161 /* _DDFunctionExpression.h */ = {isa = PBXFileReference; fileEncoding = 4; lastKnownFileType = sourcecode.c.h; path = _DDFunctionExpression.h; sourceTree = "<group>"; };
		A6FB5EB31A27AA8700FE7161 /* _DDFunctionExpression.m */ = {isa = PBXFileReference; fileEncoding = 4; lastKnownFileType = sourcecode.c.objc; path = _DDFunctionExpression.m; sourceTree = "<group>"; };
		A6FB5EB41A27AA8700FE7161 /* _DDFunctionTerm.h */ = {isa = PBXFileReference; fileEncoding = 4; lastKnownFileType = sourcecode.c.h; path = _DDFunctionTerm.h; sourceTree = "<group>"; };
		A6FB5EB51A27AA8700FE7161 /* _DDFunctionTerm.m */ = {isa = PBXFileReference; fileEncoding = 4; lastKnownFileType = sourcecode.c.objc; path = _DDFunctionTerm.m; sourceTree = "<group>"; };
		A6FB5EB61A27AA8700FE7161 /* _DDGroupTerm.h */ = {isa = PBXFileReference; fileEncoding = 4; lastKnownFileType = sourcecode.c.h; path = _DDGroupTerm.h; sourceTree = "<group>"; };
		A6FB5EB71A27AA8700FE7161 /* _DDGroupTerm.m */ = {isa = PBXFileReference; fileEncoding = 4; lastKnownFileType = sourcecode.c.objc; path = _DDGroupTerm.m; sourceTree = "<group>"; };
		A6FB5EB81A27AA8700FE7161 /* _DDNumberExpression.h */ = {isa = PBXFileReference; fileEncoding = 4; lastKnownFileType = sourcecode.c.h; path = _DDNumberExpression.h; sourceTree = "<group>"; };
		A6FB5EB91A27AA8700FE7161 /* _DDNumberExpression.m */ = {isa = PBXFileReference; fileEncoding = 4; lastKnownFileType = sourcecode.c.objc; path = _DDNumberExpression.m; sourceTree = "<group>"; };
		A6FB5EBA1A27AA8700FE7161 /* _DDNumberTerm.h */ = {isa = PBXFileReference; fileEncoding = 4; lastKnownFileType = sourcecode.c.h; path = _DDNumberTerm.h; sourceTree = "<group>"; };
		A6FB5EBB1A27AA8700FE7161 /* _DDNumberTerm.m */ = {isa = PBXFileReference; fileEncoding = 4; lastKnownFileType = sourcecode.c.objc; path = _DDNumberTerm.m; sourceTree = "<group>"; };
		A6FB5EBC1A27AA8700FE7161 /* _DDOperatorTerm.h */ = {isa = PBXFileReference; fileEncoding = 4; lastKnownFileType = sourcecode.c.h; path = _DDOperatorTerm.h; sourceTree = "<group>"; };
		A6FB5EBD1A27AA8700FE7161 /* _DDOperatorTerm.m */ = {isa = PBXFileReference; fileEncoding = 4; lastKnownFileType = sourcecode.c.objc; path = _DDOperatorTerm.m; sourceTree = "<group>"; };
		A6FB5EBE1A27AA8700FE7161 /* _DDParserTerm.h */ = {isa = PBXFileReference; fileEncoding = 4; lastKnownFileType = sourcecode.c.h; path = _DDParserTerm.h; sourceTree = "<group>"; };
		A6FB5EBF1A27AA8700FE7161 /* _DDParserTerm.m */ = {isa = PBXFileReference; fileEncoding = 4; lastKnownFileType = sourcecode.c.objc; path = _DDParserTerm.m; sourceTree = "<group>"; };
		A6FB5EC01A27AA8700FE7161 /* _DDPrecisionFunctionEvaluator.h */ = {isa = PBXFileReference; fileEncoding = 4; lastKnownFileType = sourcecode.c.h; path = _DDPrecisionFunctionEvaluator.h; sourceTree = "<group>"; };
		A6FB5EC11A27AA8700FE7161 /* _DDPrecisionFunctionEvaluator.m */ = {isa = PBXFileReference; fileEncoding = 4; lastKnownFileType = sourcecode.c.objc; path = _DDPrecisionFunctionEvaluator.m; sourceTree = "<group>"; };
		A6FB5EC21A27AA8700FE7161 /* _DDRewriteRule.h */ = {isa = PBXFileReference; fileEncoding = 4; lastKnownFileType = sourcecode.c.h; path = _DDRewriteRule.h; sourceTree = "<group>"; };
		A6FB5EC31A27AA8700FE7161 /* _DDRewriteRule.m */ = {isa = PBXFileReference; fileEncoding = 4; lastKnownFileType = sourcecode.c.objc; path = _DDRewriteRule.m; sourceTree = "<group>"; };
		A6FB5EC41A27AA8700FE7161 /* _DDVariableExpression.h */ = {isa = PBXFileReference; fileEncoding = 4; lastKnownFileType = sourcecode.c.h; path = _DDVariableExpression.h; sourceTree = "<group>"; };
		A6FB5EC51A27AA8700FE7161 /* _DDVariableExpression.m */ = {isa = PBXFileReference; fileEncoding = 4; lastKnownFileType = sourcecode.c.objc; path = _DDVariableExpression.m; sourceTree = "<group>"; };
		A6FB5EC61A27AA8700FE7161 /* _DDVariableTerm.h */ = {isa = PBXFileReference; fileEncoding = 4; lastKnownFileType = sourcecode.c.h; path = _DDVariableTerm.h; sourceTree = "<group>"; };
		A6FB5EC71A27AA8700FE7161 /* _DDVariableTerm.m */ = {isa = PBXFileReference; fileEncoding = 4; lastKnownFileType = sourcecode.c.objc; path = _DDVariableTerm.m; sourceTree = "<group>"; };
		A6FB5EC81A27AA8700FE7161 /* DDExpression.h */ = {isa = PBXFileReference; fileEncoding = 4; lastKnownFileType = sourcecode.c.h; path = DDExpression.h; sourceTree = "<group>"; };
		A6FB5EC91A27AA8700FE7161 /* DDExpression.m */ = {isa = PBXFileReference; fileEncoding = 4; lastKnownFileType = sourcecode.c.objc; path = DDExpression.m; sourceTree = "<group>"; };
		A6FB5ECA1A27AA8700FE7161 /* DDExpressionRewriter.h */ = {isa = PBXFileReference; fileEncoding = 4; lastKnownFileType = sourcecode.c.h; path = DDExpressionRewriter.h; sourceTree = "<group>"; };
		A6FB5ECB1A27AA8700FE7161 /* DDExpressionRewriter.m */ = {isa = PBXFileReference; fileEncoding = 4; lastKnownFileType = sourcecode.c.objc; path = DDExpressionRewriter.m; sourceTree = "<group>"; };
		A6FB5ECC1A27AA8700FE7161 /* DDMathEvaluator+Private.h */ = {isa = PBXFileReference; fileEncoding = 4; lastKnownFileType = sourcecode.c.h; path = "DDMathEvaluator+Private.h"; sourceTree = "<group>"; };
		A6FB5ECD1A27AA8700FE7161 /* DDMathEvaluator.h */ = {isa = PBXFileReference; fileEncoding = 4; lastKnownFileType = sourcecode.c.h; path = DDMathEvaluator.h; sourceTree = "<group>"; };
		A6FB5ECE1A27AA8700FE7161 /* DDMathEvaluator.m */ = {isa = PBXFileReference; fileEncoding = 4; lastKnownFileType = sourcecode.c.objc; path = DDMathEvaluator.m; sourceTree = "<group>"; };
		A6FB5ECF1A27AA8700FE7161 /* DDMathOperator.h */ = {isa = PBXFileReference; fileEncoding = 4; lastKnownFileType = sourcecode.c.h; path = DDMathOperator.h; sourceTree = "<group>"; };
		A6FB5ED01A27AA8700FE7161 /* DDMathOperator.m */ = {isa = PBXFileReference; fileEncoding = 4; lastKnownFileType = sourcecode.c.objc; path = DDMathOperator.m; sourceTree = "<group>"; };
		A6FB5ED11A27AA8700FE7161 /* DDMathOperator_Internal.h */ = {isa = PBXFileReference; fileEncoding = 4; lastKnownFileType = sourcecode.c.h; path = DDMathOperator_Internal.h; sourceTree = "<group>"; };
		A6FB5ED21A27AA8700FE7161 /* DDMathParser.h */ = {isa = PBXFileReference; fileEncoding = 4; lastKnownFileType = sourcecode.c.h; path = DDMathParser.h; sourceTree = "<group>"; };
		A6FB5ED31A27AA8700FE7161 /* DDMathParserMacros.h */ = {isa = PBXFileReference; fileEncoding = 4; lastKnownFileType = sourcecode.c.h; path = DDMathParserMacros.h; sourceTree = "<group>"; };
		A6FB5ED41A27AA8700FE7161 /* DDMathStringToken.h */ = {isa = PBXFileReference; fileEncoding = 4; lastKnownFileType = sourcecode.c.h; path = DDMathStringToken.h; sourceTree = "<group>"; };
		A6FB5ED51A27AA8700FE7161 /* DDMathStringToken.m */ = {isa = PBXFileReference; fileEncoding = 4; lastKnownFileType = sourcecode.c.objc; path = DDMathStringToken.m; sourceTree = "<group>"; };
		A6FB5ED61A27AA8700FE7161 /* DDMathStringTokenizer.h */ = {isa = PBXFileReference; fileEncoding = 4; lastKnownFileType = sourcecode.c.h; path = DDMathStringTokenizer.h; sourceTree = "<group>"; };
		A6FB5ED71A27AA8700FE7161 /* DDMathStringTokenizer.m */ = {isa = PBXFileReference; fileEncoding = 4; lastKnownFileType = sourcecode.c.objc; path = DDMathStringTokenizer.m; sourceTree = "<group>"; };
		A6FB5ED81A27AA8700FE7161 /* DDParser.h */ = {isa = PBXFileReference; fileEncoding = 4; lastKnownFileType = sourcecode.c.h; path = DDParser.h; sourceTree = "<group>"; };
		A6FB5ED91A27AA8700FE7161 /* DDParser.m */ = {isa = PBXFileReference; fileEncoding = 4; lastKnownFileType = sourcecode.c.objc; path = DDParser.m; sourceTree = "<group>"; };
		A6FB5EDA1A27AA8700FE7161 /* DDParserTypes.h */ = {isa = PBXFileReference; fileEncoding = 4; lastKnownFileType = sourcecode.c.h; path = DDParserTypes.h; sourceTree = "<group>"; };
		A6FB5EDB1A27AA8700FE7161 /* DDParserTypes.m */ = {isa = PBXFileReference; fileEncoding = 4; lastKnownFileType = sourcecode.c.objc; path = DDParserTypes.m; sourceTree = "<group>"; };
		A6FB5EDC1A27AA8700FE7161 /* DDTypes.h */ = {isa = PBXFileReference; fileEncoding = 4; lastKnownFileType = sourcecode.c.h; path = DDTypes.h; sourceTree = "<group>"; };
		A6FB5EDD1A27AA8700FE7161 /* DDTypes.m */ = {isa = PBXFileReference; fileEncoding = 4; lastKnownFileType = sourcecode.c.objc; path = DDTypes.m; sourceTree = "<group>"; };
		A6FB5EDE1A27AA8700FE7161 /* NSString+DDMathParsing.h */ = {isa = PBXFileReference; fileEncoding = 4; lastKnownFileType = sourcecode.c.h; path = "NSString+DDMathParsing.h"; sourceTree = "<group>"; };
		A6FB5EDF1A27AA8700FE7161 /* NSString+DDMathParsing.m */ = {isa = PBXFileReference; fileEncoding = 4; lastKnownFileType = sourcecode.c.objc; path = "NSString+DDMathParsing.m"; sourceTree = "<group>"; };
/* End PBXFileReference section */

/* Begin PBXFrameworksBuildPhase section */
		A6E23C941A154E350057DB7B /* Frameworks */ = {
			isa = PBXFrameworksBuildPhase;
			buildActionMask = 2147483647;
			files = (
			);
			runOnlyForDeploymentPostprocessing = 0;
		};
/* End PBXFrameworksBuildPhase section */

/* Begin PBXGroup section */
		A662D7E41A49E5A900BEC447 /* File System */ = {
			isa = PBXGroup;
			children = (
				A6C4AAB11A4D8C4E00516A8A /* ArendelleFileSystem.swift */,
			);
			name = "File System";
			sourceTree = "<group>";
		};
		A696E0B11A5055A100E213D2 /* Pi */ = {
			isa = PBXGroup;
			children = (
				A6E7EA301A19D07600192409 /* PI.swift */,
				A696E0B31A506B1D00E213D2 /* PiTryCatch.h */,
				A696E0B41A506B1D00E213D2 /* PiTryCatch.m */,
			);
			name = Pi;
			sourceTree = "<group>";
		};
		A6A506DA1A285CFB00962A9B /* Math Evaluator */ = {
			isa = PBXGroup;
			children = (
				A6FB5EAD1A27AA8700FE7161 /* DDMathParser */,
				A6A506DB1A285D3500962A9B /* MathEvaluator.swift */,
				A6E59D641A289DC90088729A /* RND.swift */,
				A6D303F01A2B16560045D9A9 /* Replacer.swift */,
			);
			name = "Math Evaluator";
			sourceTree = "<group>";
		};
		A6DC032F1A275923008DD558 /* Grammars */ = {
			isa = PBXGroup;
			children = (
				A60A75081A29B85C00576F13 /* ConditonEvaluator.swift */,
				A6DC03301A275948008DD558 /* LoopEvaluator.swift */,
				A62792B61A3E4F9E0086C664 /* SpaceEvaluator.swift */,
			);
			name = Grammars;
			sourceTree = "<group>";
		};
		A6E23C8E1A154E350057DB7B = {
			isa = PBXGroup;
			children = (
				A696E0B11A5055A100E213D2 /* Pi */,
				A6897EC71A263D850074966A /* console.m */,
				A6E23C991A154E350057DB7B /* Swifty */,
				A6E23C981A154E350057DB7B /* Products */,
				A6897EC61A263D840074966A /* Swifty-Bridging-Header.h */,
			);
			sourceTree = "<group>";
		};
		A6E23C981A154E350057DB7B /* Products */ = {
			isa = PBXGroup;
			children = (
				A6E23C971A154E350057DB7B /* Swifty */,
			);
			name = Products;
			sourceTree = "<group>";
		};
		A6E23C991A154E350057DB7B /* Swifty */ = {
			isa = PBXGroup;
			children = (
				A6E2B06D1A15EB390025C2E9 /* Engine */,
				A6E23C9A1A154E350057DB7B /* main.swift */,
				A6E23A451A3ECC35001581D5 /* CoreInterface.swift */,
			);
			path = Swifty;
			sourceTree = "<group>";
		};
		A6E2B06D1A15EB390025C2E9 /* Engine */ = {
			isa = PBXGroup;
			children = (
				A6E2B06E1A15EB450025C2E9 /* Kernel */,
				A6E7EA321A1A2E3400192409 /* Lexers */,
				A6E2B06F1A15EB7C0025C2E9 /* Eval.swift */,
				A6ECE7621A2450C200B09103 /* masterEval.swift */,
			);
			name = Engine;
			sourceTree = "<group>";
		};
		A6E2B06E1A15EB450025C2E9 /* Kernel */ = {
			isa = PBXGroup;
			children = (
				A662D7E41A49E5A900BEC447 /* File System */,
				A6A506DA1A285CFB00962A9B /* Math Evaluator */,
				A6DC032F1A275923008DD558 /* Grammars */,
				A6E2B0711A162D090025C2E9 /* Structs */,
			);
			name = Kernel;
			sourceTree = "<group>";
		};
		A6E2B0711A162D090025C2E9 /* Structs */ = {
			isa = PBXGroup;
			children = (
				A6E2B0721A162D200025C2E9 /* codeScreen.swift */,
				A6E2B0741A162D530025C2E9 /* Arendelle.swift */,
			);
			name = Structs;
			sourceTree = "<group>";
		};
		A6E7EA321A1A2E3400192409 /* Lexers */ = {
			isa = PBXGroup;
			children = (
				A6E7EA331A1A317100192409 /* OpenCloseLexer.swift */,
				A62F6C9D1A21C1F400D4B91A /* OnePartOpenCloseParser.swift */,
				A696E0B61A508D8700E213D2 /* FunctionLexer.swift */,
			);
			name = Lexers;
			sourceTree = "<group>";
		};
		A6FB5EAD1A27AA8700FE7161 /* DDMathParser */ = {
			isa = PBXGroup;
			children = (
				A6FB5EAE1A27AA8700FE7161 /* _DDDecimalFunctions.h */,
				A6FB5EAF1A27AA8700FE7161 /* _DDDecimalFunctions.m */,
				A6FB5EB01A27AA8700FE7161 /* _DDFunctionEvaluator.h */,
				A6FB5EB11A27AA8700FE7161 /* _DDFunctionEvaluator.m */,
				A6FB5EB21A27AA8700FE7161 /* _DDFunctionExpression.h */,
				A6FB5EB31A27AA8700FE7161 /* _DDFunctionExpression.m */,
				A6FB5EB41A27AA8700FE7161 /* _DDFunctionTerm.h */,
				A6FB5EB51A27AA8700FE7161 /* _DDFunctionTerm.m */,
				A6FB5EB61A27AA8700FE7161 /* _DDGroupTerm.h */,
				A6FB5EB71A27AA8700FE7161 /* _DDGroupTerm.m */,
				A6FB5EB81A27AA8700FE7161 /* _DDNumberExpression.h */,
				A6FB5EB91A27AA8700FE7161 /* _DDNumberExpression.m */,
				A6FB5EBA1A27AA8700FE7161 /* _DDNumberTerm.h */,
				A6FB5EBB1A27AA8700FE7161 /* _DDNumberTerm.m */,
				A6FB5EBC1A27AA8700FE7161 /* _DDOperatorTerm.h */,
				A6FB5EBD1A27AA8700FE7161 /* _DDOperatorTerm.m */,
				A6FB5EBE1A27AA8700FE7161 /* _DDParserTerm.h */,
				A6FB5EBF1A27AA8700FE7161 /* _DDParserTerm.m */,
				A6FB5EC01A27AA8700FE7161 /* _DDPrecisionFunctionEvaluator.h */,
				A6FB5EC11A27AA8700FE7161 /* _DDPrecisionFunctionEvaluator.m */,
				A6FB5EC21A27AA8700FE7161 /* _DDRewriteRule.h */,
				A6FB5EC31A27AA8700FE7161 /* _DDRewriteRule.m */,
				A6FB5EC41A27AA8700FE7161 /* _DDVariableExpression.h */,
				A6FB5EC51A27AA8700FE7161 /* _DDVariableExpression.m */,
				A6FB5EC61A27AA8700FE7161 /* _DDVariableTerm.h */,
				A6FB5EC71A27AA8700FE7161 /* _DDVariableTerm.m */,
				A6FB5EC81A27AA8700FE7161 /* DDExpression.h */,
				A6FB5EC91A27AA8700FE7161 /* DDExpression.m */,
				A6FB5ECA1A27AA8700FE7161 /* DDExpressionRewriter.h */,
				A6FB5ECB1A27AA8700FE7161 /* DDExpressionRewriter.m */,
				A6FB5ECC1A27AA8700FE7161 /* DDMathEvaluator+Private.h */,
				A6FB5ECD1A27AA8700FE7161 /* DDMathEvaluator.h */,
				A6FB5ECE1A27AA8700FE7161 /* DDMathEvaluator.m */,
				A6FB5ECF1A27AA8700FE7161 /* DDMathOperator.h */,
				A6FB5ED01A27AA8700FE7161 /* DDMathOperator.m */,
				A6FB5ED11A27AA8700FE7161 /* DDMathOperator_Internal.h */,
				A6FB5ED21A27AA8700FE7161 /* DDMathParser.h */,
				A6FB5ED31A27AA8700FE7161 /* DDMathParserMacros.h */,
				A6FB5ED41A27AA8700FE7161 /* DDMathStringToken.h */,
				A6FB5ED51A27AA8700FE7161 /* DDMathStringToken.m */,
				A6FB5ED61A27AA8700FE7161 /* DDMathStringTokenizer.h */,
				A6FB5ED71A27AA8700FE7161 /* DDMathStringTokenizer.m */,
				A6FB5ED81A27AA8700FE7161 /* DDParser.h */,
				A6FB5ED91A27AA8700FE7161 /* DDParser.m */,
				A6FB5EDA1A27AA8700FE7161 /* DDParserTypes.h */,
				A6FB5EDB1A27AA8700FE7161 /* DDParserTypes.m */,
				A6FB5EDC1A27AA8700FE7161 /* DDTypes.h */,
				A6FB5EDD1A27AA8700FE7161 /* DDTypes.m */,
				A6FB5EDE1A27AA8700FE7161 /* NSString+DDMathParsing.h */,
				A6FB5EDF1A27AA8700FE7161 /* NSString+DDMathParsing.m */,
			);
			path = DDMathParser;
			sourceTree = "<group>";
		};
/* End PBXGroup section */

/* Begin PBXNativeTarget section */
		A6E23C961A154E350057DB7B /* Swifty */ = {
			isa = PBXNativeTarget;
			buildConfigurationList = A6E23C9E1A154E350057DB7B /* Build configuration list for PBXNativeTarget "Swifty" */;
			buildPhases = (
				A6E23C931A154E350057DB7B /* Sources */,
				A6E23C941A154E350057DB7B /* Frameworks */,
				A6E23C951A154E350057DB7B /* CopyFiles */,
			);
			buildRules = (
			);
			dependencies = (
			);
			name = Swifty;
			productName = Swifty;
			productReference = A6E23C971A154E350057DB7B /* Swifty */;
			productType = "com.apple.product-type.tool";
		};
/* End PBXNativeTarget section */

/* Begin PBXProject section */
		A6E23C8F1A154E350057DB7B /* Project object */ = {
			isa = PBXProject;
			attributes = {
				LastUpgradeCheck = 0610;
				ORGANIZATIONNAME = "Arendelle Language";
				TargetAttributes = {
					A6E23C961A154E350057DB7B = {
						CreatedOnToolsVersion = 6.1;
					};
				};
			};
			buildConfigurationList = A6E23C921A154E350057DB7B /* Build configuration list for PBXProject "Swifty" */;
			compatibilityVersion = "Xcode 3.2";
			developmentRegion = English;
			hasScannedForEncodings = 0;
			knownRegions = (
				en,
			);
			mainGroup = A6E23C8E1A154E350057DB7B;
			productRefGroup = A6E23C981A154E350057DB7B /* Products */;
			projectDirPath = "";
			projectRoot = "";
			targets = (
				A6E23C961A154E350057DB7B /* Swifty */,
			);
		};
/* End PBXProject section */

/* Begin PBXSourcesBuildPhase section */
		A6E23C931A154E350057DB7B /* Sources */ = {
			isa = PBXSourcesBuildPhase;
			buildActionMask = 2147483647;
			files = (
				A6FB5EF71A27AA8700FE7161 /* _DDNumberExpression.m in Sources */,
				A6E59D651A289DC90088729A /* RND.swift in Sources */,
				A6FB5F071A27AA8700FE7161 /* DDTypes.m in Sources */,
				A6FB5EFF1A27AA8700FE7161 /* DDExpression.m in Sources */,
				A6FB5F081A27AA8700FE7161 /* NSString+DDMathParsing.m in Sources */,
				A696E0B51A506B1D00E213D2 /* PiTryCatch.m in Sources */,
				A6FB5EF91A27AA8700FE7161 /* _DDOperatorTerm.m in Sources */,
				A6E23C9B1A154E350057DB7B /* main.swift in Sources */,
				A6FB5EFD1A27AA8700FE7161 /* _DDVariableExpression.m in Sources */,
				A6FB5F001A27AA8700FE7161 /* DDExpressionRewriter.m in Sources */,
				A6DC03311A275948008DD558 /* LoopEvaluator.swift in Sources */,
				A62792B71A3E4F9E0086C664 /* SpaceEvaluator.swift in Sources */,
				A62F6C9E1A21C1F400D4B91A /* OnePartOpenCloseParser.swift in Sources */,
				A6D303F11A2B16560045D9A9 /* Replacer.swift in Sources */,
				A6E23A461A3ECC35001581D5 /* CoreInterface.swift in Sources */,
				A6FB5F051A27AA8700FE7161 /* DDParser.m in Sources */,
				A6E7EA311A19D07600192409 /* PI.swift in Sources */,
				A6E2B0751A162D530025C2E9 /* Arendelle.swift in Sources */,
				A6FB5EF31A27AA8700FE7161 /* _DDFunctionEvaluator.m in Sources */,
				A6FB5EF41A27AA8700FE7161 /* _DDFunctionExpression.m in Sources */,
				A6FB5EF51A27AA8700FE7161 /* _DDFunctionTerm.m in Sources */,
				A6FB5EFB1A27AA8700FE7161 /* _DDPrecisionFunctionEvaluator.m in Sources */,
				A6A506DC1A285D3500962A9B /* MathEvaluator.swift in Sources */,
				A60A75091A29B85C00576F13 /* ConditonEvaluator.swift in Sources */,
				A6897EC81A263D850074966A /* console.m in Sources */,
				A6FB5F021A27AA8700FE7161 /* DDMathOperator.m in Sources */,
				A6FB5EF61A27AA8700FE7161 /* _DDGroupTerm.m in Sources */,
				A6FB5EF21A27AA8700FE7161 /* _DDDecimalFunctions.m in Sources */,
				A6FB5EFE1A27AA8700FE7161 /* _DDVariableTerm.m in Sources */,
				A6FB5EF81A27AA8700FE7161 /* _DDNumberTerm.m in Sources */,
				A6FB5EFA1A27AA8700FE7161 /* _DDParserTerm.m in Sources */,
				A6E2B0731A162D200025C2E9 /* codeScreen.swift in Sources */,
				A6FB5F011A27AA8700FE7161 /* DDMathEvaluator.m in Sources */,
				A6E2B0701A15EB7C0025C2E9 /* Eval.swift in Sources */,
				A6FB5F031A27AA8700FE7161 /* DDMathStringToken.m in Sources */,
				A6FB5F041A27AA8700FE7161 /* DDMathStringTokenizer.m in Sources */,
				A6E7EA341A1A317100192409 /* OpenCloseLexer.swift in Sources */,
				A6FB5EFC1A27AA8700FE7161 /* _DDRewriteRule.m in Sources */,
				A696E0B71A508D8700E213D2 /* FunctionLexer.swift in Sources */,
				A6C4AAB21A4D8C4E00516A8A /* ArendelleFileSystem.swift in Sources */,
				A6FB5F061A27AA8700FE7161 /* DDParserTypes.m in Sources */,
				A6ECE7631A2450C200B09103 /* masterEval.swift in Sources */,
			);
			runOnlyForDeploymentPostprocessing = 0;
		};
/* End PBXSourcesBuildPhase section */

/* Begin XCBuildConfiguration section */
		A6E23C9C1A154E350057DB7B /* Debug */ = {
			isa = XCBuildConfiguration;
			buildSettings = {
				ALWAYS_SEARCH_USER_PATHS = NO;
				CLANG_CXX_LANGUAGE_STANDARD = "gnu++0x";
				CLANG_CXX_LIBRARY = "libc++";
				CLANG_ENABLE_MODULES = YES;
				CLANG_ENABLE_OBJC_ARC = YES;
				CLANG_WARN_BOOL_CONVERSION = YES;
				CLANG_WARN_CONSTANT_CONVERSION = YES;
				CLANG_WARN_DIRECT_OBJC_ISA_USAGE = YES_ERROR;
				CLANG_WARN_EMPTY_BODY = YES;
				CLANG_WARN_ENUM_CONVERSION = YES;
				CLANG_WARN_INT_CONVERSION = YES;
				CLANG_WARN_OBJC_ROOT_CLASS = YES_ERROR;
				CLANG_WARN_UNREACHABLE_CODE = YES;
				CLANG_WARN__DUPLICATE_METHOD_MATCH = YES;
				COPY_PHASE_STRIP = NO;
				ENABLE_STRICT_OBJC_MSGSEND = YES;
				GCC_C_LANGUAGE_STANDARD = gnu99;
				GCC_DYNAMIC_NO_PIC = NO;
				GCC_OPTIMIZATION_LEVEL = 0;
				GCC_PREPROCESSOR_DEFINITIONS = (
					"DEBUG=1",
					"$(inherited)",
				);
				GCC_SYMBOLS_PRIVATE_EXTERN = NO;
				GCC_WARN_64_TO_32_BIT_CONVERSION = YES;
				GCC_WARN_ABOUT_RETURN_TYPE = YES_ERROR;
				GCC_WARN_UNDECLARED_SELECTOR = YES;
				GCC_WARN_UNINITIALIZED_AUTOS = YES_AGGRESSIVE;
				GCC_WARN_UNUSED_FUNCTION = YES;
				GCC_WARN_UNUSED_VARIABLE = YES;
				MACOSX_DEPLOYMENT_TARGET = 10.10;
				MTL_ENABLE_DEBUG_INFO = YES;
				ONLY_ACTIVE_ARCH = YES;
				SDKROOT = macosx;
				SWIFT_OPTIMIZATION_LEVEL = "-Onone";
			};
			name = Debug;
		};
		A6E23C9D1A154E350057DB7B /* Release */ = {
			isa = XCBuildConfiguration;
			buildSettings = {
				ALWAYS_SEARCH_USER_PATHS = NO;
				CLANG_CXX_LANGUAGE_STANDARD = "gnu++0x";
				CLANG_CXX_LIBRARY = "libc++";
				CLANG_ENABLE_MODULES = YES;
				CLANG_ENABLE_OBJC_ARC = YES;
				CLANG_WARN_BOOL_CONVERSION = YES;
				CLANG_WARN_CONSTANT_CONVERSION = YES;
				CLANG_WARN_DIRECT_OBJC_ISA_USAGE = YES_ERROR;
				CLANG_WARN_EMPTY_BODY = YES;
				CLANG_WARN_ENUM_CONVERSION = YES;
				CLANG_WARN_INT_CONVERSION = YES;
				CLANG_WARN_OBJC_ROOT_CLASS = YES_ERROR;
				CLANG_WARN_UNREACHABLE_CODE = YES;
				CLANG_WARN__DUPLICATE_METHOD_MATCH = YES;
				COPY_PHASE_STRIP = YES;
				DEBUG_INFORMATION_FORMAT = "dwarf-with-dsym";
				ENABLE_NS_ASSERTIONS = NO;
				ENABLE_STRICT_OBJC_MSGSEND = YES;
				GCC_C_LANGUAGE_STANDARD = gnu99;
				GCC_WARN_64_TO_32_BIT_CONVERSION = YES;
				GCC_WARN_ABOUT_RETURN_TYPE = YES_ERROR;
				GCC_WARN_UNDECLARED_SELECTOR = YES;
				GCC_WARN_UNINITIALIZED_AUTOS = YES_AGGRESSIVE;
				GCC_WARN_UNUSED_FUNCTION = YES;
				GCC_WARN_UNUSED_VARIABLE = YES;
				MACOSX_DEPLOYMENT_TARGET = 10.10;
				MTL_ENABLE_DEBUG_INFO = NO;
				SDKROOT = macosx;
			};
			name = Release;
		};
		A6E23C9F1A154E350057DB7B /* Debug */ = {
			isa = XCBuildConfiguration;
			buildSettings = {
				CLANG_ENABLE_MODULES = YES;
				LD_RUNPATH_SEARCH_PATHS = "$(inherited) @executable_path/../Frameworks @loader_path/../Frameworks";
				PRODUCT_NAME = "$(TARGET_NAME)";
				SWIFT_OBJC_BRIDGING_HEADER = "Swifty-Bridging-Header.h";
				SWIFT_OPTIMIZATION_LEVEL = "-Onone";
			};
			name = Debug;
		};
		A6E23CA01A154E350057DB7B /* Release */ = {
			isa = XCBuildConfiguration;
			buildSettings = {
				CLANG_ENABLE_MODULES = YES;
				LD_RUNPATH_SEARCH_PATHS = "$(inherited) @executable_path/../Frameworks @loader_path/../Frameworks";
				PRODUCT_NAME = "$(TARGET_NAME)";
				SWIFT_OBJC_BRIDGING_HEADER = "Swifty-Bridging-Header.h";
			};
			name = Release;
		};
/* End XCBuildConfiguration section */

/* Begin XCConfigurationList section */
		A6E23C921A154E350057DB7B /* Build configuration list for PBXProject "Swifty" */ = {
			isa = XCConfigurationList;
			buildConfigurations = (
				A6E23C9C1A154E350057DB7B /* Debug */,
				A6E23C9D1A154E350057DB7B /* Release */,
			);
			defaultConfigurationIsVisible = 0;
			defaultConfigurationName = Release;
		};
		A6E23C9E1A154E350057DB7B /* Build configuration list for PBXNativeTarget "Swifty" */ = {
			isa = XCConfigurationList;
			buildConfigurations = (
				A6E23C9F1A154E350057DB7B /* Debug */,
				A6E23CA01A154E350057DB7B /* Release */,
			);
			defaultConfigurationIsVisible = 0;
			defaultConfigurationName = Release;
		};
/* End XCConfigurationList section */
	};
	rootObject = A6E23C8F1A154E350057DB7B /* Project object */;
}
